
Microsoft Visual Studio Solution File, Format Version 12.00
# Visual Studio 14
VisualStudioVersion = 14.0.23107.0
MinimumVisualStudioVersion = 10.0.40219.1
Project("{D2ABAB84-BF74-430A-B69E-9DC6D40DDA17}") = "NHL_GAME_SSAS_Project", "NHL_GAME_SSAS_Project\NHL_GAME_SSAS_Project.dwproj", "{7B2F2C78-0B29-4600-8B43-9662324AB1F4}"
EndProject
Global
	GlobalSection(SolutionConfigurationPlatforms) = preSolution
		Development|Default = Development|Default
	EndGlobalSection
	GlobalSection(ProjectConfigurationPlatforms) = postSolution
		{7B2F2C78-0B29-4600-8B43-9662324AB1F4}.Development|Default.ActiveCfg = Development
		{7B2F2C78-0B29-4600-8B43-9662324AB1F4}.Development|Default.Build.0 = Development
		{7B2F2C78-0B29-4600-8B43-9662324AB1F4}.Development|Default.Deploy.0 = Development
	EndGlobalSection
	GlobalSection(SolutionProperties) = preSolution
		HideSolutionNode = FALSE
	EndGlobalSection
EndGlobal
